
Microsoft Visual Studio Solution File, Format Version 12.00
# Visual Studio Version 17
VisualStudioVersion = 17.12.35514.174 d17.12
MinimumVisualStudioVersion = 10.0.40219.1
Project("{FAE04EC0-301F-11D3-BF4B-00C04F79EFBC}") = "SampleDotNetProject", "SampleDotNetProject\SampleDotNetProject.csproj", "{54FD677F-6A1B-49D8-8C55-3DF043B42923}"
EndProject
Project("{FAE04EC0-301F-11D3-BF4B-00C04F79EFBC}") = "TestSampleDotNetProject", "TestSampleDotNetProject\TestSampleDotNetProject.csproj", "{3CFFE98C-E046-40D8-874D-0D348B1D5359}"
EndProject
Global
	GlobalSection(SolutionConfigurationPlatforms) = preSolution
		Debug|Any CPU = Debug|Any CPU
		Release|Any CPU = Release|Any CPU
	EndGlobalSection
	GlobalSection(ProjectConfigurationPlatforms) = postSolution
		{54FD677F-6A1B-49D8-8C55-3DF043B42923}.Debug|Any CPU.ActiveCfg = Debug|Any CPU
		{54FD677F-6A1B-49D8-8C55-3DF043B42923}.Debug|Any CPU.Build.0 = Debug|Any CPU
		{54FD677F-6A1B-49D8-8C55-3DF043B42923}.Release|Any CPU.ActiveCfg = Release|Any CPU
		{54FD677F-6A1B-49D8-8C55-3DF043B42923}.Release|Any CPU.Build.0 = Release|Any CPU
		{3CFFE98C-E046-40D8-874D-0D348B1D5359}.Debug|Any CPU.ActiveCfg = Debug|Any CPU
		{3CFFE98C-E046-40D8-874D-0D348B1D5359}.Debug|Any CPU.Build.0 = Debug|Any CPU
		{3CFFE98C-E046-40D8-874D-0D348B1D5359}.Release|Any CPU.ActiveCfg = Release|Any CPU
		{3CFFE98C-E046-40D8-874D-0D348B1D5359}.Release|Any CPU.Build.0 = Release|Any CPU
	EndGlobalSection
	GlobalSection(SolutionProperties) = preSolution
		HideSolutionNode = FALSE
	EndGlobalSection
EndGlobal
